
Microsoft Visual Studio Solution File, Format Version 12.00
# Visual Studio Version 17
VisualStudioVersion = 17.14.36518.9
MinimumVisualStudioVersion = 10.0.40219.1
Project("{FAE04EC0-301F-11D3-BF4B-00C04F79EFBC}") = "Dominio", "Dominio\Dominio.csproj", "{2FC1A9DA-0503-454B-BCE7-9DD1FF130FAE}"
EndProject
Project("{FAE04EC0-301F-11D3-BF4B-00C04F79EFBC}") = "Negocio", "Negocio\Negocio.csproj", "{3B547BBA-BBC1-4184-B430-28FB9314F93E}"
EndProject
Project("{FAE04EC0-301F-11D3-BF4B-00C04F79EFBC}") = "Frontend", "Frontend\Frontend.csproj", "{9202BF8C-B247-42D5-A401-30C517CA19A7}"
EndProject
Global
	GlobalSection(SolutionConfigurationPlatforms) = preSolution
		Debug|Any CPU = Debug|Any CPU
		Release|Any CPU = Release|Any CPU
	EndGlobalSection
	GlobalSection(ProjectConfigurationPlatforms) = postSolution
		{2FC1A9DA-0503-454B-BCE7-9DD1FF130FAE}.Debug|Any CPU.ActiveCfg = Debug|Any CPU
		{2FC1A9DA-0503-454B-BCE7-9DD1FF130FAE}.Debug|Any CPU.Build.0 = Debug|Any CPU
		{2FC1A9DA-0503-454B-BCE7-9DD1FF130FAE}.Release|Any CPU.ActiveCfg = Release|Any CPU
		{2FC1A9DA-0503-454B-BCE7-9DD1FF130FAE}.Release|Any CPU.Build.0 = Release|Any CPU
		{3B547BBA-BBC1-4184-B430-28FB9314F93E}.Debug|Any CPU.ActiveCfg = Debug|Any CPU
		{3B547BBA-BBC1-4184-B430-28FB9314F93E}.Debug|Any CPU.Build.0 = Debug|Any CPU
		{3B547BBA-BBC1-4184-B430-28FB9314F93E}.Release|Any CPU.ActiveCfg = Release|Any CPU
		{3B547BBA-BBC1-4184-B430-28FB9314F93E}.Release|Any CPU.Build.0 = Release|Any CPU
		{9202BF8C-B247-42D5-A401-30C517CA19A7}.Debug|Any CPU.ActiveCfg = Debug|Any CPU
		{9202BF8C-B247-42D5-A401-30C517CA19A7}.Debug|Any CPU.Build.0 = Debug|Any CPU
		{9202BF8C-B247-42D5-A401-30C517CA19A7}.Release|Any CPU.ActiveCfg = Release|Any CPU
		{9202BF8C-B247-42D5-A401-30C517CA19A7}.Release|Any CPU.Build.0 = Release|Any CPU
	EndGlobalSection
	GlobalSection(SolutionProperties) = preSolution
		HideSolutionNode = FALSE
	EndGlobalSection
	GlobalSection(ExtensibilityGlobals) = postSolution
		SolutionGuid = {DC519B8C-C91F-43BE-82E2-A237613DB5A2}
	EndGlobalSection
EndGlobal
